Microsoft Visual Studio Solution File, Format Version 12.00
# Visual Studio Version 17
VisualStudioVersion = 17.14.37203.1 d17.14
MinimumVisualStudioVersion = 17.1.32414.318
Project("{FAE04EC0-301F-11D3-BF4B-00C04F79EFBC}") = "BeCreative", "BeCreative\BeCreative.csproj", "{816A76CE-D43D-4283-A2D9-CC9708114AC4}"
	ProjectSection(ProjectDependencies) = postProject
		{EBE33E96-00F4-40AC-98CC-5D1F247BF1F0} = {EBE33E96-00F4-40AC-98CC-5D1F247BF1F0}
		{F71C2180-A958-4536-B135-1CCAE2423343} = {F71C2180-A958-4536-B135-1CCAE2423343}
		{99FC2CE8-0729-4947-8AA4-0BD0594103C6} = {99FC2CE8-0729-4947-8AA4-0BD0594103C6}
		{951572C5-393A-449B-A4F6-115B1F92F395} = {951572C5-393A-449B-A4F6-115B1F92F395}
		{20ED55F5-E66D-424E-A110-3348082CB572} = {20ED55F5-E66D-424E-A110-3348082CB572}
	EndProjectSection
EndProject
Project("{FAE04EC0-301F-11D3-BF4B-00C04F79EFBC}") = "BlueControls", "BlueControls\BlueControls.csproj", "{F71C2180-A958-4536-B135-1CCAE2423343}"
	ProjectSection(ProjectDependencies) = postProject
		{951572C5-393A-449B-A4F6-115B1F92F395} = {951572C5-393A-449B-A4F6-115B1F92F395}
		{20ED55F5-E66D-424E-A110-3348082CB572} = {20ED55F5-E66D-424E-A110-3348082CB572}
	EndProjectSection
EndProject
Project("{FAE04EC0-301F-11D3-BF4B-00C04F79EFBC}") = "BlueTable", "BlueTable\BlueTable.csproj", "{951572C5-393A-449B-A4F6-115B1F92F395}"
	ProjectSection(ProjectDependencies) = postProject
		{EBE33E96-00F4-40AC-98CC-5D1F247BF1F0} = {EBE33E96-00F4-40AC-98CC-5D1F247BF1F0}
		{20ED55F5-E66D-424E-A110-3348082CB572} = {20ED55F5-E66D-424E-A110-3348082CB572}
	EndProjectSection
EndProject
Project("{FAE04EC0-301F-11D3-BF4B-00C04F79EFBC}") = "BlueBasics", "BlueBasics\BlueBasics.csproj", "{20ED55F5-E66D-424E-A110-3348082CB572}"
EndProject
Project("{FAE04EC0-301F-11D3-BF4B-00C04F79EFBC}") = "BlueScript", "BlueScript\BlueScript.csproj", "{EBE33E96-00F4-40AC-98CC-5D1F247BF1F0}"
	ProjectSection(ProjectDependencies) = postProject
		{20ED55F5-E66D-424E-A110-3348082CB572} = {20ED55F5-E66D-424E-A110-3348082CB572}
	EndProjectSection
EndProject
Project("{FAE04EC0-301F-11D3-BF4B-00C04F79EFBC}") = "BluePaint", "BluePaint\BluePaint.csproj", "{35161BE4-7D9D-4E62-B335-B7DB63C4BD25}"
	ProjectSection(ProjectDependencies) = postProject
		{20ED55F5-E66D-424E-A110-3348082CB572} = {20ED55F5-E66D-424E-A110-3348082CB572}
	EndProjectSection
EndProject
Project("{FAE04EC0-301F-11D3-BF4B-00C04F79EFBC}") = "BlueInternet", "BlueInternet\BlueInternet.csproj", "{99FC2CE8-0729-4947-8AA4-0BD0594103C6}"
EndProject
Global
	GlobalSection(SolutionConfigurationPlatforms) = preSolution
		Debug|Any CPU = Debug|Any CPU
		Debug|x64 = Debug|x64
		Debug|x86 = Debug|x86
		Release|Any CPU = Release|Any CPU
		Release|x64 = Release|x64
		Release|x86 = Release|x86
	EndGlobalSection
	GlobalSection(ProjectConfigurationPlatforms) = postSolution
		{816A76CE-D43D-4283-A2D9-CC9708114AC4}.Debug|Any CPU.ActiveCfg = Debug|Any CPU
		{816A76CE-D43D-4283-A2D9-CC9708114AC4}.Debug|Any CPU.Build.0 = Debug|Any CPU
		{816A76CE-D43D-4283-A2D9-CC9708114AC4}.Debug|x64.ActiveCfg = Debug|Any CPU
		{816A76CE-D43D-4283-A2D9-CC9708114AC4}.Debug|x64.Build.0 = Debug|Any CPU
		{816A76CE-D43D-4283-A2D9-CC9708114AC4}.Debug|x86.ActiveCfg = Debug|Any CPU
		{816A76CE-D43D-4283-A2D9-CC9708114AC4}.Debug|x86.Build.0 = Debug|Any CPU
		{816A76CE-D43D-4283-A2D9-CC9708114AC4}.Release|Any CPU.ActiveCfg = Release|Any CPU
		{816A76CE-D43D-4283-A2D9-CC9708114AC4}.Release|Any CPU.Build.0 = Release|Any CPU
		{816A76CE-D43D-4283-A2D9-CC9708114AC4}.Release|x64.ActiveCfg = Release|Any CPU
		{816A76CE-D43D-4283-A2D9-CC9708114AC4}.Release|x64.Build.0 = Release|Any CPU
		{816A76CE-D43D-4283-A2D9-CC9708114AC4}.Release|x86.ActiveCfg = Release|x86
		{816A76CE-D43D-4283-A2D9-CC9708114AC4}.Release|x86.Build.0 = Release|x86
		{F71C2180-A958-4536-B135-1CCAE2423343}.Debug|Any CPU.ActiveCfg = Debug|Any CPU
		{F71C2180-A958-4536-B135-1CCAE2423343}.Debug|Any CPU.Build.0 = Debug|Any CPU
		{F71C2180-A958-4536-B135-1CCAE2423343}.Debug|x64.ActiveCfg = Debug|Any CPU
		{F71C2180-A958-4536-B135-1CCAE2423343}.Debug|x64.Build.0 = Debug|Any CPU
		{F71C2180-A958-4536-B135-1CCAE2423343}.Debug|x86.ActiveCfg = Debug|Any CPU
		{F71C2180-A958-4536-B135-1CCAE2423343}.Debug|x86.Build.0 = Debug|Any CPU
		{F71C2180-A958-4536-B135-1CCAE2423343}.Release|Any CPU.ActiveCfg = Release|x64
		{F71C2180-A958-4536-B135-1CCAE2423343}.Release|Any CPU.Build.0 = Release|x64
		{F71C2180-A958-4536-B135-1CCAE2423343}.Release|x64.ActiveCfg = Release|Any CPU
		{F71C2180-A958-4536-B135-1CCAE2423343}.Release|x64.Build.0 = Release|Any CPU
		{F71C2180-A958-4536-B135-1CCAE2423343}.Release|x86.ActiveCfg = Release|Any CPU
		{F71C2180-A958-4536-B135-1CCAE2423343}.Release|x86.Build.0 = Release|Any CPU
		{951572C5-393A-449B-A4F6-115B1F92F395}.Debug|Any CPU.ActiveCfg = Debug|Any CPU
		{951572C5-393A-449B-A4F6-115B1F92F395}.Debug|Any CPU.Build.0 = Debug|Any CPU
		{951572C5-393A-449B-A4F6-115B1F92F395}.Debug|x64.ActiveCfg = Debug|Any CPU
		{951572C5-393A-449B-A4F6-115B1F92F395}.Debug|x64.Build.0 = Debug|Any CPU
		{951572C5-393A-449B-A4F6-115B1F92F395}.Debug|x86.ActiveCfg = Debug|Any CPU
		{951572C5-393A-449B-A4F6-115B1F92F395}.Debug|x86.Build.0 = Debug|Any CPU
		{951572C5-393A-449B-A4F6-115B1F92F395}.Release|Any CPU.ActiveCfg = Release|Any CPU
		{951572C5-393A-449B-A4F6-115B1F92F395}.Release|Any CPU.Build.0 = Release|Any CPU
		{951572C5-393A-449B-A4F6-115B1F92F395}.Release|x64.ActiveCfg = Release|Any CPU
		{951572C5-393A-449B-A4F6-115B1F92F395}.Release|x64.Build.0 = Release|Any CPU
		{951572C5-393A-449B-A4F6-115B1F92F395}.Release|x86.ActiveCfg = Release|Any CPU
		{951572C5-393A-449B-A4F6-115B1F92F395}.Release|x86.Build.0 = Release|Any CPU
		{20ED55F5-E66D-424E-A110-3348082CB572}.Debug|Any CPU.ActiveCfg = Debug|Any CPU
		{20ED55F5-E66D-424E-A110-3348082CB572}.Debug|Any CPU.Build.0 = Debug|Any CPU
		{20ED55F5-E66D-424E-A110-3348082CB572}.Debug|x64.ActiveCfg = Debug|Any CPU
		{20ED55F5-E66D-424E-A110-3348082CB572}.Debug|x64.Build.0 = Debug|Any CPU
		{20ED55F5-E66D-424E-A110-3348082CB572}.Debug|x86.ActiveCfg = Debug|Any CPU
		{20ED55F5-E66D-424E-A110-3348082CB572}.Debug|x86.Build.0 = Debug|Any CPU
		{20ED55F5-E66D-424E-A110-3348082CB572}.Release|Any CPU.ActiveCfg = Release|Any CPU
		{20ED55F5-E66D-424E-A110-3348082CB572}.Release|Any CPU.Build.0 = Release|Any CPU
		{20ED55F5-E66D-424E-A110-3348082CB572}.Release|x64.ActiveCfg = Release|Any CPU
		{20ED55F5-E66D-424E-A110-3348082CB572}.Release|x64.Build.0 = Release|Any CPU
		{20ED55F5-E66D-424E-A110-3348082CB572}.Release|x86.ActiveCfg = Release|x86
		{20ED55F5-E66D-424E-A110-3348082CB572}.Release|x86.Build.0 = Release|x86
		{EBE33E96-00F4-40AC-98CC-5D1F247BF1F0}.Debug|Any CPU.ActiveCfg = Debug|Any CPU
		{EBE33E96-00F4-40AC-98CC-5D1F247BF1F0}.Debug|Any CPU.Build.0 = Debug|Any CPU
		{EBE33E96-00F4-40AC-98CC-5D1F247BF1F0}.Debug|x64.ActiveCfg = Debug|Any CPU
		{EBE33E96-00F4-40AC-98CC-5D1F247BF1F0}.Debug|x64.Build.0 = Debug|Any CPU
		{EBE33E96-00F4-40AC-98CC-5D1F247BF1F0}.Debug|x86.ActiveCfg = Debug|Any CPU
		{EBE33E96-00F4-40AC-98CC-5D1F247BF1F0}.Debug|x86.Build.0 = Debug|Any CPU
		{EBE33E96-00F4-40AC-98CC-5D1F247BF1F0}.Release|Any CPU.ActiveCfg = Release|Any CPU
		{EBE33E96-00F4-40AC-98CC-5D1F247BF1F0}.Release|Any CPU.Build.0 = Release|Any CPU
		{EBE33E96-00F4-40AC-98CC-5D1F247BF1F0}.Release|x64.ActiveCfg = Release|Any CPU
		{EBE33E96-00F4-40AC-98CC-5D1F247BF1F0}.Release|x64.Build.0 = Release|Any CPU
		{EBE33E96-00F4-40AC-98CC-5D1F247BF1F0}.Release|x86.ActiveCfg = Release|Any CPU
		{EBE33E96-00F4-40AC-98CC-5D1F247BF1F0}.Release|x86.Build.0 = Release|Any CPU
		{35161BE4-7D9D-4E62-B335-B7DB63C4BD25}.Debug|Any CPU.ActiveCfg = Debug|Any CPU
		{35161BE4-7D9D-4E62-B335-B7DB63C4BD25}.Debug|Any CPU.Build.0 = Debug|Any CPU
		{35161BE4-7D9D-4E62-B335-B7DB63C4BD25}.Debug|x64.ActiveCfg = Debug|Any CPU
		{35161BE4-7D9D-4E62-B335-B7DB63C4BD25}.Debug|x64.Build.0 = Debug|Any CPU
		{35161BE4-7D9D-4E62-B335-B7DB63C4BD25}.Debug|x86.ActiveCfg = Debug|Any CPU
		{35161BE4-7D9D-4E62-B335-B7DB63C4BD25}.Debug|x86.Build.0 = Debug|Any CPU
		{35161BE4-7D9D-4E62-B335-B7DB63C4BD25}.Release|Any CPU.ActiveCfg = Release|Any CPU
		{35161BE4-7D9D-4E62-B335-B7DB63C4BD25}.Release|Any CPU.Build.0 = Release|Any CPU
		{35161BE4-7D9D-4E62-B335-B7DB63C4BD25}.Release|x64.ActiveCfg = Release|Any CPU
		{35161BE4-7D9D-4E62-B335-B7DB63C4BD25}.Release|x64.Build.0 = Release|Any CPU
		{35161BE4-7D9D-4E62-B335-B7DB63C4BD25}.Release|x86.ActiveCfg = Release|Any CPU
		{35161BE4-7D9D-4E62-B335-B7DB63C4BD25}.Release|x86.Build.0 = Release|Any CPU
		{99FC2CE8-0729-4947-8AA4-0BD0594103C6}.Debug|Any CPU.ActiveCfg = Debug|Any CPU
		{99FC2CE8-0729-4947-8AA4-0BD0594103C6}.Debug|Any CPU.Build.0 = Debug|Any CPU
		{99FC2CE8-0729-4947-8AA4-0BD0594103C6}.Debug|x64.ActiveCfg = Debug|x64
		{99FC2CE8-0729-4947-8AA4-0BD0594103C6}.Debug|x64.Build.0 = Debug|x64
		{99FC2CE8-0729-4947-8AA4-0BD0594103C6}.Debug|x86.ActiveCfg = Debug|x86
		{99FC2CE8-0729-4947-8AA4-0BD0594103C6}.Debug|x86.Build.0 = Debug|x86
		{99FC2CE8-0729-4947-8AA4-0BD0594103C6}.Release|Any CPU.ActiveCfg = Release|Any CPU
		{99FC2CE8-0729-4947-8AA4-0BD0594103C6}.Release|Any CPU.Build.0 = Release|Any CPU
		{99FC2CE8-0729-4947-8AA4-0BD0594103C6}.Release|x64.ActiveCfg = Release|x64
		{99FC2CE8-0729-4947-8AA4-0BD0594103C6}.Release|x64.Build.0 = Release|x64
		{99FC2CE8-0729-4947-8AA4-0BD0594103C6}.Release|x86.ActiveCfg = Release|x86
		{99FC2CE8-0729-4947-8AA4-0BD0594103C6}.Release|x86.Build.0 = Release|x86
	EndGlobalSection
	GlobalSection(SolutionProperties) = preSolution
		HideSolutionNode = FALSE
	EndGlobalSection
	GlobalSection(ExtensibilityGlobals) = postSolution
		SolutionGuid = {28C69A31-FF4F-42D3-884C-30FE9AAE5E29}
	EndGlobalSection
EndGlobal
