
Microsoft Visual Studio Solution File, Format Version 12.00
# Visual Studio Version 18
VisualStudioVersion = 18.0.11205.157 d18.0
MinimumVisualStudioVersion = 17.1.32414.318
Project("{FAE04EC0-301F-11D3-BF4B-00C04F79EFBC}") = "BlueInternet", "BlueInternet\BlueInternet.csproj", "{B1EF0B99-88F5-4FE6-B215-761B4E96D8F0}"
	ProjectSection(ProjectDependencies) = postProject
		{45FAE6E1-F628-4BE0-AABE-FED42F62DD7D} = {45FAE6E1-F628-4BE0-AABE-FED42F62DD7D}
		{B51692CF-2EC4-4F0D-863F-E48150C3D775} = {B51692CF-2EC4-4F0D-863F-E48150C3D775}
	EndProjectSection
EndProject
Project("{FAE04EC0-301F-11D3-BF4B-00C04F79EFBC}") = "BlueTable", "BlueTable\BlueTable.csproj", "{45FAE6E1-F628-4BE0-AABE-FED42F62DD7D}"
	ProjectSection(ProjectDependencies) = postProject
		{B51692CF-2EC4-4F0D-863F-E48150C3D775} = {B51692CF-2EC4-4F0D-863F-E48150C3D775}
	EndProjectSection
EndProject
Project("{FAE04EC0-301F-11D3-BF4B-00C04F79EFBC}") = "BlueBasics", "BlueBasics\BlueBasics.csproj", "{B51692CF-2EC4-4F0D-863F-E48150C3D775}"
EndProject
Project("{FAE04EC0-301F-11D3-BF4B-00C04F79EFBC}") = "BlueScript", "BlueScript\BlueScript.csproj", "{A68D31C5-8B40-4476-984C-837916186AFC}"
EndProject
Global
	GlobalSection(SolutionConfigurationPlatforms) = preSolution
		Debug|Any CPU = Debug|Any CPU
		Debug|x64 = Debug|x64
		Debug|x86 = Debug|x86
		Release|Any CPU = Release|Any CPU
		Release|x64 = Release|x64
		Release|x86 = Release|x86
	EndGlobalSection
	GlobalSection(ProjectConfigurationPlatforms) = postSolution
		{B1EF0B99-88F5-4FE6-B215-761B4E96D8F0}.Debug|Any CPU.ActiveCfg = Debug|x64
		{B1EF0B99-88F5-4FE6-B215-761B4E96D8F0}.Debug|Any CPU.Build.0 = Debug|x64
		{B1EF0B99-88F5-4FE6-B215-761B4E96D8F0}.Debug|x64.ActiveCfg = Debug|Any CPU
		{B1EF0B99-88F5-4FE6-B215-761B4E96D8F0}.Debug|x64.Build.0 = Debug|Any CPU
		{B1EF0B99-88F5-4FE6-B215-761B4E96D8F0}.Debug|x86.ActiveCfg = Debug|Any CPU
		{B1EF0B99-88F5-4FE6-B215-761B4E96D8F0}.Debug|x86.Build.0 = Debug|Any CPU
		{B1EF0B99-88F5-4FE6-B215-761B4E96D8F0}.Release|Any CPU.ActiveCfg = Release|Any CPU
		{B1EF0B99-88F5-4FE6-B215-761B4E96D8F0}.Release|Any CPU.Build.0 = Release|Any CPU
		{B1EF0B99-88F5-4FE6-B215-761B4E96D8F0}.Release|x64.ActiveCfg = Release|Any CPU
		{B1EF0B99-88F5-4FE6-B215-761B4E96D8F0}.Release|x64.Build.0 = Release|Any CPU
		{B1EF0B99-88F5-4FE6-B215-761B4E96D8F0}.Release|x86.ActiveCfg = Release|Any CPU
		{B1EF0B99-88F5-4FE6-B215-761B4E96D8F0}.Release|x86.Build.0 = Release|Any CPU
		{45FAE6E1-F628-4BE0-AABE-FED42F62DD7D}.Debug|Any CPU.ActiveCfg = Debug|Any CPU
		{45FAE6E1-F628-4BE0-AABE-FED42F62DD7D}.Debug|Any CPU.Build.0 = Debug|Any CPU
		{45FAE6E1-F628-4BE0-AABE-FED42F62DD7D}.Debug|x64.ActiveCfg = Debug|Any CPU
		{45FAE6E1-F628-4BE0-AABE-FED42F62DD7D}.Debug|x64.Build.0 = Debug|Any CPU
		{45FAE6E1-F628-4BE0-AABE-FED42F62DD7D}.Debug|x86.ActiveCfg = Debug|Any CPU
		{45FAE6E1-F628-4BE0-AABE-FED42F62DD7D}.Debug|x86.Build.0 = Debug|Any CPU
		{45FAE6E1-F628-4BE0-AABE-FED42F62DD7D}.Release|Any CPU.ActiveCfg = Release|Any CPU
		{45FAE6E1-F628-4BE0-AABE-FED42F62DD7D}.Release|Any CPU.Build.0 = Release|Any CPU
		{45FAE6E1-F628-4BE0-AABE-FED42F62DD7D}.Release|x64.ActiveCfg = Release|Any CPU
		{45FAE6E1-F628-4BE0-AABE-FED42F62DD7D}.Release|x64.Build.0 = Release|Any CPU
		{45FAE6E1-F628-4BE0-AABE-FED42F62DD7D}.Release|x86.ActiveCfg = Release|Any CPU
		{45FAE6E1-F628-4BE0-AABE-FED42F62DD7D}.Release|x86.Build.0 = Release|Any CPU
		{B51692CF-2EC4-4F0D-863F-E48150C3D775}.Debug|Any CPU.ActiveCfg = Debug|Any CPU
		{B51692CF-2EC4-4F0D-863F-E48150C3D775}.Debug|Any CPU.Build.0 = Debug|Any CPU
		{B51692CF-2EC4-4F0D-863F-E48150C3D775}.Debug|x64.ActiveCfg = Debug|Any CPU
		{B51692CF-2EC4-4F0D-863F-E48150C3D775}.Debug|x64.Build.0 = Debug|Any CPU
		{B51692CF-2EC4-4F0D-863F-E48150C3D775}.Debug|x86.ActiveCfg = Debug|x86
		{B51692CF-2EC4-4F0D-863F-E48150C3D775}.Debug|x86.Build.0 = Debug|x86
		{B51692CF-2EC4-4F0D-863F-E48150C3D775}.Release|Any CPU.ActiveCfg = Release|Any CPU
		{B51692CF-2EC4-4F0D-863F-E48150C3D775}.Release|Any CPU.Build.0 = Release|Any CPU
		{B51692CF-2EC4-4F0D-863F-E48150C3D775}.Release|x64.ActiveCfg = Release|Any CPU
		{B51692CF-2EC4-4F0D-863F-E48150C3D775}.Release|x64.Build.0 = Release|Any CPU
		{B51692CF-2EC4-4F0D-863F-E48150C3D775}.Release|x86.ActiveCfg = Release|x86
		{B51692CF-2EC4-4F0D-863F-E48150C3D775}.Release|x86.Build.0 = Release|x86
		{A68D31C5-8B40-4476-984C-837916186AFC}.Debug|Any CPU.ActiveCfg = Debug|Any CPU
		{A68D31C5-8B40-4476-984C-837916186AFC}.Debug|Any CPU.Build.0 = Debug|Any CPU
		{A68D31C5-8B40-4476-984C-837916186AFC}.Debug|x64.ActiveCfg = Debug|Any CPU
		{A68D31C5-8B40-4476-984C-837916186AFC}.Debug|x64.Build.0 = Debug|Any CPU
		{A68D31C5-8B40-4476-984C-837916186AFC}.Debug|x86.ActiveCfg = Debug|Any CPU
		{A68D31C5-8B40-4476-984C-837916186AFC}.Debug|x86.Build.0 = Debug|Any CPU
		{A68D31C5-8B40-4476-984C-837916186AFC}.Release|Any CPU.ActiveCfg = Release|Any CPU
		{A68D31C5-8B40-4476-984C-837916186AFC}.Release|Any CPU.Build.0 = Release|Any CPU
		{A68D31C5-8B40-4476-984C-837916186AFC}.Release|x64.ActiveCfg = Release|Any CPU
		{A68D31C5-8B40-4476-984C-837916186AFC}.Release|x64.Build.0 = Release|Any CPU
		{A68D31C5-8B40-4476-984C-837916186AFC}.Release|x86.ActiveCfg = Release|Any CPU
		{A68D31C5-8B40-4476-984C-837916186AFC}.Release|x86.Build.0 = Release|Any CPU
	EndGlobalSection
	GlobalSection(SolutionProperties) = preSolution
		HideSolutionNode = FALSE
	EndGlobalSection
	GlobalSection(ExtensibilityGlobals) = postSolution
		SolutionGuid = {58290FA7-B2EB-49B3-A2C1-98891803DA25}
	EndGlobalSection
EndGlobal
