
Microsoft Visual Studio Solution File, Format Version 12.00
# Visual Studio Version 18
VisualStudioVersion = 18.0.11205.157 d18.0
MinimumVisualStudioVersion = 17.1.32414.318
Project("{FAE04EC0-301F-11D3-BF4B-00C04F79EFBC}") = "BlueControls", "BlueControls\BlueControls.csproj", "{FA080164-5468-4072-AACE-32B59723392B}"
	ProjectSection(ProjectDependencies) = postProject
		{5D7BFEA5-A1BF-44DA-85C6-6C102641699C} = {5D7BFEA5-A1BF-44DA-85C6-6C102641699C}
		{E3A5798C-3708-480D-AF0E-330B90518B64} = {E3A5798C-3708-480D-AF0E-330B90518B64}
	EndProjectSection
EndProject
Project("{FAE04EC0-301F-11D3-BF4B-00C04F79EFBC}") = "BlueTable", "BlueTable\BlueTable.csproj", "{5D7BFEA5-A1BF-44DA-85C6-6C102641699C}"
	ProjectSection(ProjectDependencies) = postProject
		{E3A5798C-3708-480D-AF0E-330B90518B64} = {E3A5798C-3708-480D-AF0E-330B90518B64}
	EndProjectSection
EndProject
Project("{FAE04EC0-301F-11D3-BF4B-00C04F79EFBC}") = "BlueBasics", "BlueBasics\BlueBasics.csproj", "{E3A5798C-3708-480D-AF0E-330B90518B64}"
EndProject
Project("{FAE04EC0-301F-11D3-BF4B-00C04F79EFBC}") = "BlueScript", "BlueScript\BlueScript.csproj", "{2B1FADA7-B839-4F6D-991F-8F6651E2BB8E}"
EndProject
Global
	GlobalSection(SolutionConfigurationPlatforms) = preSolution
		Debug|Any CPU = Debug|Any CPU
		Debug|x64 = Debug|x64
		Debug|x86 = Debug|x86
		Release|Any CPU = Release|Any CPU
		Release|x64 = Release|x64
		Release|x86 = Release|x86
	EndGlobalSection
	GlobalSection(ProjectConfigurationPlatforms) = postSolution
		{FA080164-5468-4072-AACE-32B59723392B}.Debug|Any CPU.ActiveCfg = Debug|x64
		{FA080164-5468-4072-AACE-32B59723392B}.Debug|Any CPU.Build.0 = Debug|x64
		{FA080164-5468-4072-AACE-32B59723392B}.Debug|x64.ActiveCfg = Debug|Any CPU
		{FA080164-5468-4072-AACE-32B59723392B}.Debug|x64.Build.0 = Debug|Any CPU
		{FA080164-5468-4072-AACE-32B59723392B}.Debug|x86.ActiveCfg = Debug|Any CPU
		{FA080164-5468-4072-AACE-32B59723392B}.Debug|x86.Build.0 = Debug|Any CPU
		{FA080164-5468-4072-AACE-32B59723392B}.Release|Any CPU.ActiveCfg = Release|Any CPU
		{FA080164-5468-4072-AACE-32B59723392B}.Release|Any CPU.Build.0 = Release|Any CPU
		{FA080164-5468-4072-AACE-32B59723392B}.Release|x64.ActiveCfg = Release|Any CPU
		{FA080164-5468-4072-AACE-32B59723392B}.Release|x64.Build.0 = Release|Any CPU
		{FA080164-5468-4072-AACE-32B59723392B}.Release|x86.ActiveCfg = Release|Any CPU
		{FA080164-5468-4072-AACE-32B59723392B}.Release|x86.Build.0 = Release|Any CPU
		{5D7BFEA5-A1BF-44DA-85C6-6C102641699C}.Debug|Any CPU.ActiveCfg = Debug|Any CPU
		{5D7BFEA5-A1BF-44DA-85C6-6C102641699C}.Debug|Any CPU.Build.0 = Debug|Any CPU
		{5D7BFEA5-A1BF-44DA-85C6-6C102641699C}.Debug|x64.ActiveCfg = Debug|Any CPU
		{5D7BFEA5-A1BF-44DA-85C6-6C102641699C}.Debug|x64.Build.0 = Debug|Any CPU
		{5D7BFEA5-A1BF-44DA-85C6-6C102641699C}.Debug|x86.ActiveCfg = Debug|Any CPU
		{5D7BFEA5-A1BF-44DA-85C6-6C102641699C}.Debug|x86.Build.0 = Debug|Any CPU
		{5D7BFEA5-A1BF-44DA-85C6-6C102641699C}.Release|Any CPU.ActiveCfg = Release|Any CPU
		{5D7BFEA5-A1BF-44DA-85C6-6C102641699C}.Release|Any CPU.Build.0 = Release|Any CPU
		{5D7BFEA5-A1BF-44DA-85C6-6C102641699C}.Release|x64.ActiveCfg = Release|Any CPU
		{5D7BFEA5-A1BF-44DA-85C6-6C102641699C}.Release|x64.Build.0 = Release|Any CPU
		{5D7BFEA5-A1BF-44DA-85C6-6C102641699C}.Release|x86.ActiveCfg = Release|Any CPU
		{5D7BFEA5-A1BF-44DA-85C6-6C102641699C}.Release|x86.Build.0 = Release|Any CPU
		{E3A5798C-3708-480D-AF0E-330B90518B64}.Debug|Any CPU.ActiveCfg = Debug|Any CPU
		{E3A5798C-3708-480D-AF0E-330B90518B64}.Debug|Any CPU.Build.0 = Debug|Any CPU
		{E3A5798C-3708-480D-AF0E-330B90518B64}.Debug|x64.ActiveCfg = Debug|Any CPU
		{E3A5798C-3708-480D-AF0E-330B90518B64}.Debug|x64.Build.0 = Debug|Any CPU
		{E3A5798C-3708-480D-AF0E-330B90518B64}.Debug|x86.ActiveCfg = Debug|x86
		{E3A5798C-3708-480D-AF0E-330B90518B64}.Debug|x86.Build.0 = Debug|x86
		{E3A5798C-3708-480D-AF0E-330B90518B64}.Release|Any CPU.ActiveCfg = Release|Any CPU
		{E3A5798C-3708-480D-AF0E-330B90518B64}.Release|Any CPU.Build.0 = Release|Any CPU
		{E3A5798C-3708-480D-AF0E-330B90518B64}.Release|x64.ActiveCfg = Release|Any CPU
		{E3A5798C-3708-480D-AF0E-330B90518B64}.Release|x64.Build.0 = Release|Any CPU
		{E3A5798C-3708-480D-AF0E-330B90518B64}.Release|x86.ActiveCfg = Release|x86
		{E3A5798C-3708-480D-AF0E-330B90518B64}.Release|x86.Build.0 = Release|x86
		{2B1FADA7-B839-4F6D-991F-8F6651E2BB8E}.Debug|Any CPU.ActiveCfg = Debug|Any CPU
		{2B1FADA7-B839-4F6D-991F-8F6651E2BB8E}.Debug|Any CPU.Build.0 = Debug|Any CPU
		{2B1FADA7-B839-4F6D-991F-8F6651E2BB8E}.Debug|x64.ActiveCfg = Debug|Any CPU
		{2B1FADA7-B839-4F6D-991F-8F6651E2BB8E}.Debug|x64.Build.0 = Debug|Any CPU
		{2B1FADA7-B839-4F6D-991F-8F6651E2BB8E}.Debug|x86.ActiveCfg = Debug|Any CPU
		{2B1FADA7-B839-4F6D-991F-8F6651E2BB8E}.Debug|x86.Build.0 = Debug|Any CPU
		{2B1FADA7-B839-4F6D-991F-8F6651E2BB8E}.Release|Any CPU.ActiveCfg = Release|Any CPU
		{2B1FADA7-B839-4F6D-991F-8F6651E2BB8E}.Release|Any CPU.Build.0 = Release|Any CPU
		{2B1FADA7-B839-4F6D-991F-8F6651E2BB8E}.Release|x64.ActiveCfg = Release|Any CPU
		{2B1FADA7-B839-4F6D-991F-8F6651E2BB8E}.Release|x64.Build.0 = Release|Any CPU
		{2B1FADA7-B839-4F6D-991F-8F6651E2BB8E}.Release|x86.ActiveCfg = Release|Any CPU
		{2B1FADA7-B839-4F6D-991F-8F6651E2BB8E}.Release|x86.Build.0 = Release|Any CPU
	EndGlobalSection
	GlobalSection(SolutionProperties) = preSolution
		HideSolutionNode = FALSE
	EndGlobalSection
	GlobalSection(ExtensibilityGlobals) = postSolution
		SolutionGuid = {2C3A117B-7252-4D34-85B5-AD92259743FC}
	EndGlobalSection
EndGlobal
