
Microsoft Visual Studio Solution File, Format Version 12.00
# Visual Studio 15
VisualStudioVersion = 15.0.27130.2024
MinimumVisualStudioVersion = 10.0.40219.1
Project("{FAE04EC0-301F-11D3-BF4B-00C04F79EFBC}") = "OCR", "OCR\OCR.csproj", "{12A9E4B2-0D8C-420C-8E21-364B2B22C217}"
EndProject
Project("{FAE04EC0-301F-11D3-BF4B-00C04F79EFBC}") = "BluePaint", "..\BluePaint\BluePaint\BluePaint.csproj", "{F357F648-987A-4442-93A9-BFC421561DD2}"
EndProject
Global
	GlobalSection(SolutionConfigurationPlatforms) = preSolution
		Debug|Any CPU = Debug|Any CPU
		Debug|x64 = Debug|x64
		Debug|x86 = Debug|x86
		Release|Any CPU = Release|Any CPU
		Release|x64 = Release|x64
		Release|x86 = Release|x86
	EndGlobalSection
	GlobalSection(ProjectConfigurationPlatforms) = postSolution
		{12A9E4B2-0D8C-420C-8E21-364B2B22C217}.Debug|Any CPU.ActiveCfg = Debug|Any CPU
		{12A9E4B2-0D8C-420C-8E21-364B2B22C217}.Debug|Any CPU.Build.0 = Debug|Any CPU
		{12A9E4B2-0D8C-420C-8E21-364B2B22C217}.Debug|x64.ActiveCfg = Debug|Any CPU
		{12A9E4B2-0D8C-420C-8E21-364B2B22C217}.Debug|x64.Build.0 = Debug|Any CPU
		{12A9E4B2-0D8C-420C-8E21-364B2B22C217}.Debug|x86.ActiveCfg = Debug|Any CPU
		{12A9E4B2-0D8C-420C-8E21-364B2B22C217}.Debug|x86.Build.0 = Debug|Any CPU
		{12A9E4B2-0D8C-420C-8E21-364B2B22C217}.Release|Any CPU.ActiveCfg = Release|Any CPU
		{12A9E4B2-0D8C-420C-8E21-364B2B22C217}.Release|Any CPU.Build.0 = Release|Any CPU
		{12A9E4B2-0D8C-420C-8E21-364B2B22C217}.Release|x64.ActiveCfg = Release|Any CPU
		{12A9E4B2-0D8C-420C-8E21-364B2B22C217}.Release|x64.Build.0 = Release|Any CPU
		{12A9E4B2-0D8C-420C-8E21-364B2B22C217}.Release|x86.ActiveCfg = Release|Any CPU
		{12A9E4B2-0D8C-420C-8E21-364B2B22C217}.Release|x86.Build.0 = Release|Any CPU
		{F357F648-987A-4442-93A9-BFC421561DD2}.Debug|Any CPU.ActiveCfg = Debug|Any CPU
		{F357F648-987A-4442-93A9-BFC421561DD2}.Debug|Any CPU.Build.0 = Debug|Any CPU
		{F357F648-987A-4442-93A9-BFC421561DD2}.Debug|x64.ActiveCfg = Debug|Any CPU
		{F357F648-987A-4442-93A9-BFC421561DD2}.Debug|x64.Build.0 = Debug|Any CPU
		{F357F648-987A-4442-93A9-BFC421561DD2}.Debug|x86.ActiveCfg = Debug|Any CPU
		{F357F648-987A-4442-93A9-BFC421561DD2}.Debug|x86.Build.0 = Debug|Any CPU
		{F357F648-987A-4442-93A9-BFC421561DD2}.Release|Any CPU.ActiveCfg = Release|Any CPU
		{F357F648-987A-4442-93A9-BFC421561DD2}.Release|Any CPU.Build.0 = Release|Any CPU
		{F357F648-987A-4442-93A9-BFC421561DD2}.Release|x64.ActiveCfg = Release|Any CPU
		{F357F648-987A-4442-93A9-BFC421561DD2}.Release|x64.Build.0 = Release|Any CPU
		{F357F648-987A-4442-93A9-BFC421561DD2}.Release|x86.ActiveCfg = Release|Any CPU
		{F357F648-987A-4442-93A9-BFC421561DD2}.Release|x86.Build.0 = Release|Any CPU
	EndGlobalSection
	GlobalSection(SolutionProperties) = preSolution
		HideSolutionNode = FALSE
	EndGlobalSection
	GlobalSection(ExtensibilityGlobals) = postSolution
		SolutionGuid = {3D6904D8-90AB-499D-88F6-4C4869D35DEF}
	EndGlobalSection
EndGlobal
