
Microsoft Visual Studio Solution File, Format Version 12.00
# Visual Studio Version 16
VisualStudioVersion = 16.0.31112.23
MinimumVisualStudioVersion = 10.0.40219.1
Project("{FAE04EC0-301F-11D3-BF4B-00C04F79EFBC}") = "BlueDatabase", "BlueDatabase\BlueDatabase.csproj", "{CE8BE078-DDAE-47F5-AAA9-685564B898C9}"
	ProjectSection(ProjectDependencies) = postProject
		{E7E05BAC-07CB-478D-861A-DB24A27BBF75} = {E7E05BAC-07CB-478D-861A-DB24A27BBF75}
	EndProjectSection
EndProject
Project("{FAE04EC0-301F-11D3-BF4B-00C04F79EFBC}") = "BlueBasics", "..\BlueBasics\BlueBasics.csproj", "{E7E05BAC-07CB-478D-861A-DB24A27BBF75}"
EndProject
Project("{FAE04EC0-301F-11D3-BF4B-00C04F79EFBC}") = "BlueScript", "..\BlueScript\BlueScript\BlueScript.csproj", "{3ACC6EE6-B919-4952-8502-F62BAEEEFC60}"
EndProject
Global
	GlobalSection(SolutionConfigurationPlatforms) = preSolution
		Debug|Any CPU = Debug|Any CPU
		Debug|x64 = Debug|x64
		Debug|x86 = Debug|x86
		Release|Any CPU = Release|Any CPU
		Release|x64 = Release|x64
		Release|x86 = Release|x86
	EndGlobalSection
	GlobalSection(ProjectConfigurationPlatforms) = postSolution
		{CE8BE078-DDAE-47F5-AAA9-685564B898C9}.Debug|Any CPU.ActiveCfg = Debug|Any CPU
		{CE8BE078-DDAE-47F5-AAA9-685564B898C9}.Debug|Any CPU.Build.0 = Debug|Any CPU
		{CE8BE078-DDAE-47F5-AAA9-685564B898C9}.Debug|x64.ActiveCfg = Debug|Any CPU
		{CE8BE078-DDAE-47F5-AAA9-685564B898C9}.Debug|x64.Build.0 = Debug|Any CPU
		{CE8BE078-DDAE-47F5-AAA9-685564B898C9}.Debug|x86.ActiveCfg = Debug|Any CPU
		{CE8BE078-DDAE-47F5-AAA9-685564B898C9}.Debug|x86.Build.0 = Debug|Any CPU
		{CE8BE078-DDAE-47F5-AAA9-685564B898C9}.Release|Any CPU.ActiveCfg = Release|Any CPU
		{CE8BE078-DDAE-47F5-AAA9-685564B898C9}.Release|Any CPU.Build.0 = Release|Any CPU
		{CE8BE078-DDAE-47F5-AAA9-685564B898C9}.Release|x64.ActiveCfg = Release|Any CPU
		{CE8BE078-DDAE-47F5-AAA9-685564B898C9}.Release|x64.Build.0 = Release|Any CPU
		{CE8BE078-DDAE-47F5-AAA9-685564B898C9}.Release|x86.ActiveCfg = Release|Any CPU
		{CE8BE078-DDAE-47F5-AAA9-685564B898C9}.Release|x86.Build.0 = Release|Any CPU
		{E7E05BAC-07CB-478D-861A-DB24A27BBF75}.Debug|Any CPU.ActiveCfg = Debug|Any CPU
		{E7E05BAC-07CB-478D-861A-DB24A27BBF75}.Debug|Any CPU.Build.0 = Debug|Any CPU
		{E7E05BAC-07CB-478D-861A-DB24A27BBF75}.Debug|x64.ActiveCfg = Debug|Any CPU
		{E7E05BAC-07CB-478D-861A-DB24A27BBF75}.Debug|x64.Build.0 = Debug|Any CPU
		{E7E05BAC-07CB-478D-861A-DB24A27BBF75}.Debug|x86.ActiveCfg = Debug|x86
		{E7E05BAC-07CB-478D-861A-DB24A27BBF75}.Debug|x86.Build.0 = Debug|x86
		{E7E05BAC-07CB-478D-861A-DB24A27BBF75}.Release|Any CPU.ActiveCfg = Release|Any CPU
		{E7E05BAC-07CB-478D-861A-DB24A27BBF75}.Release|Any CPU.Build.0 = Release|Any CPU
		{E7E05BAC-07CB-478D-861A-DB24A27BBF75}.Release|x64.ActiveCfg = Release|Any CPU
		{E7E05BAC-07CB-478D-861A-DB24A27BBF75}.Release|x64.Build.0 = Release|Any CPU
		{E7E05BAC-07CB-478D-861A-DB24A27BBF75}.Release|x86.ActiveCfg = Release|x86
		{E7E05BAC-07CB-478D-861A-DB24A27BBF75}.Release|x86.Build.0 = Release|x86
		{3ACC6EE6-B919-4952-8502-F62BAEEEFC60}.Debug|Any CPU.ActiveCfg = Debug|Any CPU
		{3ACC6EE6-B919-4952-8502-F62BAEEEFC60}.Debug|Any CPU.Build.0 = Debug|Any CPU
		{3ACC6EE6-B919-4952-8502-F62BAEEEFC60}.Debug|x64.ActiveCfg = Debug|Any CPU
		{3ACC6EE6-B919-4952-8502-F62BAEEEFC60}.Debug|x64.Build.0 = Debug|Any CPU
		{3ACC6EE6-B919-4952-8502-F62BAEEEFC60}.Debug|x86.ActiveCfg = Debug|Any CPU
		{3ACC6EE6-B919-4952-8502-F62BAEEEFC60}.Debug|x86.Build.0 = Debug|Any CPU
		{3ACC6EE6-B919-4952-8502-F62BAEEEFC60}.Release|Any CPU.ActiveCfg = Release|Any CPU
		{3ACC6EE6-B919-4952-8502-F62BAEEEFC60}.Release|Any CPU.Build.0 = Release|Any CPU
		{3ACC6EE6-B919-4952-8502-F62BAEEEFC60}.Release|x64.ActiveCfg = Release|Any CPU
		{3ACC6EE6-B919-4952-8502-F62BAEEEFC60}.Release|x64.Build.0 = Release|Any CPU
		{3ACC6EE6-B919-4952-8502-F62BAEEEFC60}.Release|x86.ActiveCfg = Release|Any CPU
		{3ACC6EE6-B919-4952-8502-F62BAEEEFC60}.Release|x86.Build.0 = Release|Any CPU
	EndGlobalSection
	GlobalSection(SolutionProperties) = preSolution
		HideSolutionNode = FALSE
	EndGlobalSection
	GlobalSection(ExtensibilityGlobals) = postSolution
		SolutionGuid = {604AF1D2-8A01-4726-9939-FB9BF0FE9F21}
	EndGlobalSection
EndGlobal
