
Microsoft Visual Studio Solution File, Format Version 12.00
# Visual Studio Version 16
VisualStudioVersion = 16.0.31515.178
MinimumVisualStudioVersion = 10.0.40219.1
Project("{FAE04EC0-301F-11D3-BF4B-00C04F79EFBC}") = "BlueTools", "BlueTools\BlueTools.csproj", "{5A9F0B50-EE94-47BA-ABB8-3015C04ED502}"
	ProjectSection(ProjectDependencies) = postProject
		{E7E05BAC-07CB-478D-861A-DB24A27BBF75} = {E7E05BAC-07CB-478D-861A-DB24A27BBF75}
	EndProjectSection
EndProject
Project("{FAE04EC0-301F-11D3-BF4B-00C04F79EFBC}") = "BlueBasics", "..\BlueBasics\BlueBasics.csproj", "{E7E05BAC-07CB-478D-861A-DB24A27BBF75}"
EndProject
Global
	GlobalSection(SolutionConfigurationPlatforms) = preSolution
		Debug|Any CPU = Debug|Any CPU
		Debug|x86 = Debug|x86
		Release|Any CPU = Release|Any CPU
		Release|x86 = Release|x86
	EndGlobalSection
	GlobalSection(ProjectConfigurationPlatforms) = postSolution
		{5A9F0B50-EE94-47BA-ABB8-3015C04ED502}.Debug|Any CPU.ActiveCfg = Debug|Any CPU
		{5A9F0B50-EE94-47BA-ABB8-3015C04ED502}.Debug|Any CPU.Build.0 = Debug|Any CPU
		{5A9F0B50-EE94-47BA-ABB8-3015C04ED502}.Debug|x86.ActiveCfg = Debug|Any CPU
		{5A9F0B50-EE94-47BA-ABB8-3015C04ED502}.Debug|x86.Build.0 = Debug|Any CPU
		{5A9F0B50-EE94-47BA-ABB8-3015C04ED502}.Release|Any CPU.ActiveCfg = Release|Any CPU
		{5A9F0B50-EE94-47BA-ABB8-3015C04ED502}.Release|Any CPU.Build.0 = Release|Any CPU
		{5A9F0B50-EE94-47BA-ABB8-3015C04ED502}.Release|x86.ActiveCfg = Release|Any CPU
		{5A9F0B50-EE94-47BA-ABB8-3015C04ED502}.Release|x86.Build.0 = Release|Any CPU
		{E7E05BAC-07CB-478D-861A-DB24A27BBF75}.Debug|Any CPU.ActiveCfg = Debug|Any CPU
		{E7E05BAC-07CB-478D-861A-DB24A27BBF75}.Debug|Any CPU.Build.0 = Debug|Any CPU
		{E7E05BAC-07CB-478D-861A-DB24A27BBF75}.Debug|x86.ActiveCfg = Debug|x86
		{E7E05BAC-07CB-478D-861A-DB24A27BBF75}.Debug|x86.Build.0 = Debug|x86
		{E7E05BAC-07CB-478D-861A-DB24A27BBF75}.Release|Any CPU.ActiveCfg = Release|Any CPU
		{E7E05BAC-07CB-478D-861A-DB24A27BBF75}.Release|Any CPU.Build.0 = Release|Any CPU
		{E7E05BAC-07CB-478D-861A-DB24A27BBF75}.Release|x86.ActiveCfg = Release|x86
		{E7E05BAC-07CB-478D-861A-DB24A27BBF75}.Release|x86.Build.0 = Release|x86
	EndGlobalSection
	GlobalSection(SolutionProperties) = preSolution
		HideSolutionNode = FALSE
	EndGlobalSection
	GlobalSection(ExtensibilityGlobals) = postSolution
		SolutionGuid = {EAA08B31-3357-449F-8FA9-106E6F2FAAC5}
	EndGlobalSection
EndGlobal
